
Microsoft Visual Studio Solution File, Format Version 12.00
# Visual Studio Version 16
VisualStudioVersion = 16.0.30503.244
MinimumVisualStudioVersion = 10.0.40219.1
Project("{FAE04EC0-301F-11D3-BF4B-00C04F79EFBC}") = "WpfRoutedEvent_2_1", "WpfRoutedEvent_2_1\WpfRoutedEvent_2_1.csproj", "{1B034312-3082-4532-A97C-11808D06F383}"
EndProject
Global
	GlobalSection(SolutionConfigurationPlatforms) = preSolution
		Debug|Any CPU = Debug|Any CPU
		Release|Any CPU = Release|Any CPU
	EndGlobalSection
	GlobalSection(ProjectConfigurationPlatforms) = postSolution
		{1B034312-3082-4532-A97C-11808D06F383}.Debug|Any CPU.ActiveCfg = Debug|Any CPU
		{1B034312-3082-4532-A97C-11808D06F383}.Debug|Any CPU.Build.0 = Debug|Any CPU
		{1B034312-3082-4532-A97C-11808D06F383}.Release|Any CPU.ActiveCfg = Release|Any CPU
		{1B034312-3082-4532-A97C-11808D06F383}.Release|Any CPU.Build.0 = Release|Any CPU
	EndGlobalSection
	GlobalSection(SolutionProperties) = preSolution
		HideSolutionNode = FALSE
	EndGlobalSection
	GlobalSection(ExtensibilityGlobals) = postSolution
		SolutionGuid = {CECAD8F2-363A-45AB-B979-832C99FC73A6}
	EndGlobalSection
EndGlobal
